
Microsoft Visual Studio Solution File, Format Version 12.00
# Visual Studio Version 17
VisualStudioVersion = 17.5.33530.505
MinimumVisualStudioVersion = 10.0.40219.1
Project("{FAE04EC0-301F-11D3-BF4B-00C04F79EFBC}") = "S4ConsoleProject", "S4ConsoleProject\S4ConsoleProject.csproj", "{0A0B64A0-5BA7-4146-ACBE-2C64226D1832}"
EndProject
Global
	GlobalSection(SolutionConfigurationPlatforms) = preSolution
		Debug|Any CPU = Debug|Any CPU
		Release|Any CPU = Release|Any CPU
	EndGlobalSection
	GlobalSection(ProjectConfigurationPlatforms) = postSolution
		{0A0B64A0-5BA7-4146-ACBE-2C64226D1832}.Debug|Any CPU.ActiveCfg = Debug|Any CPU
		{0A0B64A0-5BA7-4146-ACBE-2C64226D1832}.Debug|Any CPU.Build.0 = Debug|Any CPU
		{0A0B64A0-5BA7-4146-ACBE-2C64226D1832}.Release|Any CPU.ActiveCfg = Release|Any CPU
		{0A0B64A0-5BA7-4146-ACBE-2C64226D1832}.Release|Any CPU.Build.0 = Release|Any CPU
	EndGlobalSection
	GlobalSection(SolutionProperties) = preSolution
		HideSolutionNode = FALSE
	EndGlobalSection
	GlobalSection(ExtensibilityGlobals) = postSolution
		SolutionGuid = {FE94C39B-F568-41CE-B916-D0240ECC24B2}
	EndGlobalSection
EndGlobal
